// !$*UTF8*$!
{
	archiveVersion = 1;
	classes = {
	};
	objectVersion = 56;
	objects = {

/* Begin PBXBuildFile section */
		4C6223332C21B0F9003D259D /* SwiftUI_Init_Enum.swift in Sources */ = {isa = PBXBuildFile; fileRef = 4C6223322C21B0F9003D259D /* SwiftUI_Init_Enum.swift */; };
		4C6223352C21C09F003D259D /* SwiftUI_ForEach.swift in Sources */ = {isa = PBXBuildFile; fileRef = 4C6223342C21C09F003D259D /* SwiftUI_ForEach.swift */; };
		4CB1F5D62C215A4800697D7B /* SwiftUI_Padding.swift in Sources */ = {isa = PBXBuildFile; fileRef = 4CB1F5D52C215A4800697D7B /* SwiftUI_Padding.swift */; };
		4CB1F5D82C215F4300697D7B /* SwiftUI_Vstack_Hstack_Zstack.swift in Sources */ = {isa = PBXBuildFile; fileRef = 4CB1F5D72C215F4300697D7B /* SwiftUI_Vstack_Hstack_Zstack.swift */; };
		4CB4971E2C1EF16B00AB5BCE /* BackGround_Overlay_With_View.swift in Sources */ = {isa = PBXBuildFile; fileRef = 4CB4971D2C1EF16B00AB5BCE /* BackGround_Overlay_With_View.swift */; };
		4CB8989B2C230EC800803A37 /* SwiftUI_ScrollView.swift in Sources */ = {isa = PBXBuildFile; fileRef = 4CB8989A2C230EC800803A37 /* SwiftUI_ScrollView.swift */; };
		4CF5D10F2C1D63C2009193A1 /* SwiftUI_BasicsApp.swift in Sources */ = {isa = PBXBuildFile; fileRef = 4CF5D10E2C1D63C2009193A1 /* SwiftUI_BasicsApp.swift */; };
		4CF5D1112C1D63C2009193A1 /* ContentView.swift in Sources */ = {isa = PBXBuildFile; fileRef = 4CF5D1102C1D63C2009193A1 /* ContentView.swift */; };
		4CF5D1132C1D63C4009193A1 /* Assets.xcassets in Resources */ = {isa = PBXBuildFile; fileRef = 4CF5D1122C1D63C4009193A1 /* Assets.xcassets */; };
		4CF5D1162C1D63C4009193A1 /* Preview Assets.xcassets in Resources */ = {isa = PBXBuildFile; fileRef = 4CF5D1152C1D63C4009193A1 /* Preview Assets.xcassets */; };
		4CF5D11D2C1D6447009193A1 /* Color_Shapes.swift in Sources */ = {isa = PBXBuildFile; fileRef = 4CF5D11C2C1D6447009193A1 /* Color_Shapes.swift */; };
/* End PBXBuildFile section */

/* Begin PBXFileReference section */
		4C6223322C21B0F9003D259D /* SwiftUI_Init_Enum.swift */ = {isa = PBXFileReference; lastKnownFileType = sourcecode.swift; path = SwiftUI_Init_Enum.swift; sourceTree = "<group>"; };
		4C6223342C21C09F003D259D /* SwiftUI_ForEach.swift */ = {isa = PBXFileReference; lastKnownFileType = sourcecode.swift; path = SwiftUI_ForEach.swift; sourceTree = "<group>"; };
		4CB1F5D52C215A4800697D7B /* SwiftUI_Padding.swift */ = {isa = PBXFileReference; lastKnownFileType = sourcecode.swift; path = SwiftUI_Padding.swift; sourceTree = "<group>"; };
		4CB1F5D72C215F4300697D7B /* SwiftUI_Vstack_Hstack_Zstack.swift */ = {isa = PBXFileReference; lastKnownFileType = sourcecode.swift; path = SwiftUI_Vstack_Hstack_Zstack.swift; sourceTree = "<group>"; };
		4CB4971D2C1EF16B00AB5BCE /* BackGround_Overlay_With_View.swift */ = {isa = PBXFileReference; lastKnownFileType = sourcecode.swift; path = BackGround_Overlay_With_View.swift; sourceTree = "<group>"; };
		4CB8989A2C230EC800803A37 /* SwiftUI_ScrollView.swift */ = {isa = PBXFileReference; lastKnownFileType = sourcecode.swift; path = SwiftUI_ScrollView.swift; sourceTree = "<group>"; };
		4CF5D10B2C1D63C2009193A1 /* SwiftUI_Basics.app */ = {isa = PBXFileReference; explicitFileType = wrapper.application; includeInIndex = 0; path = SwiftUI_Basics.app; sourceTree = BUILT_PRODUCTS_DIR; };
		4CF5D10E2C1D63C2009193A1 /* SwiftUI_BasicsApp.swift */ = {isa = PBXFileReference; lastKnownFileType = sourcecode.swift; path = SwiftUI_BasicsApp.swift; sourceTree = "<group>"; };
		4CF5D1102C1D63C2009193A1 /* ContentView.swift */ = {isa = PBXFileReference; lastKnownFileType = sourcecode.swift; path = ContentView.swift; sourceTree = "<group>"; };
		4CF5D1122C1D63C4009193A1 /* Assets.xcassets */ = {isa = PBXFileReference; lastKnownFileType = folder.assetcatalog; path = Assets.xcassets; sourceTree = "<group>"; };
		4CF5D1152C1D63C4009193A1 /* Preview Assets.xcassets */ = {isa = PBXFileReference; lastKnownFileType = folder.assetcatalog; path = "Preview Assets.xcassets"; sourceTree = "<group>"; };
		4CF5D11C2C1D6447009193A1 /* Color_Shapes.swift */ = {isa = PBXFileReference; lastKnownFileType = sourcecode.swift; path = Color_Shapes.swift; sourceTree = "<group>"; };
/* End PBXFileReference section */

/* Begin PBXFrameworksBuildPhase section */
		4CF5D1082C1D63C2009193A1 /* Frameworks */ = {
			isa = PBXFrameworksBuildPhase;
			buildActionMask = 2147483647;
			files = (
			);
			runOnlyForDeploymentPostprocessing = 0;
		};
/* End PBXFrameworksBuildPhase section */

/* Begin PBXGroup section */
		4CF5D1022C1D63C2009193A1 = {
			isa = PBXGroup;
			children = (
				4CF5D10D2C1D63C2009193A1 /* SwiftUI_Basics */,
				4CF5D10C2C1D63C2009193A1 /* Products */,
			);
			sourceTree = "<group>";
		};
		4CF5D10C2C1D63C2009193A1 /* Products */ = {
			isa = PBXGroup;
			children = (
				4CF5D10B2C1D63C2009193A1 /* SwiftUI_Basics.app */,
			);
			name = Products;
			sourceTree = "<group>";
		};
		4CF5D10D2C1D63C2009193A1 /* SwiftUI_Basics */ = {
			isa = PBXGroup;
			children = (
				4CF5D10E2C1D63C2009193A1 /* SwiftUI_BasicsApp.swift */,
				4CF5D1102C1D63C2009193A1 /* ContentView.swift */,
				4CF5D11C2C1D6447009193A1 /* Color_Shapes.swift */,
				4CB4971D2C1EF16B00AB5BCE /* BackGround_Overlay_With_View.swift */,
				4CB1F5D52C215A4800697D7B /* SwiftUI_Padding.swift */,
				4C6223342C21C09F003D259D /* SwiftUI_ForEach.swift */,
				4C6223322C21B0F9003D259D /* SwiftUI_Init_Enum.swift */,
				4CB1F5D72C215F4300697D7B /* SwiftUI_Vstack_Hstack_Zstack.swift */,
				4CB8989A2C230EC800803A37 /* SwiftUI_ScrollView.swift */,
				4CF5D1122C1D63C4009193A1 /* Assets.xcassets */,
				4CF5D1142C1D63C4009193A1 /* Preview Content */,
			);
			path = SwiftUI_Basics;
			sourceTree = "<group>";
		};
		4CF5D1142C1D63C4009193A1 /* Preview Content */ = {
			isa = PBXGroup;
			children = (
				4CF5D1152C1D63C4009193A1 /* Preview Assets.xcassets */,
			);
			path = "Preview Content";
			sourceTree = "<group>";
		};
/* End PBXGroup section */

/* Begin PBXNativeTarget section */
		4CF5D10A2C1D63C2009193A1 /* SwiftUI_Basics */ = {
			isa = PBXNativeTarget;
			buildConfigurationList = 4CF5D1192C1D63C4009193A1 /* Build configuration list for PBXNativeTarget "SwiftUI_Basics" */;
			buildPhases = (
				4CF5D1072C1D63C2009193A1 /* Sources */,
				4CF5D1082C1D63C2009193A1 /* Frameworks */,
				4CF5D1092C1D63C2009193A1 /* Resources */,
			);
			buildRules = (
			);
			dependencies = (
			);
			name = SwiftUI_Basics;
			productName = SwiftUI_Basics;
			productReference = 4CF5D10B2C1D63C2009193A1 /* SwiftUI_Basics.app */;
			productType = "com.apple.product-type.application";
		};
/* End PBXNativeTarget section */

/* Begin PBXProject section */
		4CF5D1032C1D63C2009193A1 /* Project object */ = {
			isa = PBXProject;
			attributes = {
				BuildIndependentTargetsInParallel = 1;
				LastSwiftUpdateCheck = 1500;
				LastUpgradeCheck = 1500;
				TargetAttributes = {
					4CF5D10A2C1D63C2009193A1 = {
						CreatedOnToolsVersion = 15.0.1;
					};
				};
			};
			buildConfigurationList = 4CF5D1062C1D63C2009193A1 /* Build configuration list for PBXProject "SwiftUI_Basics" */;
			compatibilityVersion = "Xcode 14.0";
			developmentRegion = en;
			hasScannedForEncodings = 0;
			knownRegions = (
				en,
				Base,
			);
			mainGroup = 4CF5D1022C1D63C2009193A1;
			productRefGroup = 4CF5D10C2C1D63C2009193A1 /* Products */;
			projectDirPath = "";
			projectRoot = "";
			targets = (
				4CF5D10A2C1D63C2009193A1 /* SwiftUI_Basics */,
			);
		};
/* End PBXProject section */

/* Begin PBXResourcesBuildPhase section */
		4CF5D1092C1D63C2009193A1 /* Resources */ = {
			isa = PBXResourcesBuildPhase;
			buildActionMask = 2147483647;
			files = (
				4CF5D1162C1D63C4009193A1 /* Preview Assets.xcassets in Resources */,
				4CF5D1132C1D63C4009193A1 /* Assets.xcassets in Resources */,
			);
			runOnlyForDeploymentPostprocessing = 0;
		};
/* End PBXResourcesBuildPhase section */

/* Begin PBXSourcesBuildPhase section */
		4CF5D1072C1D63C2009193A1 /* Sources */ = {
			isa = PBXSourcesBuildPhase;
			buildActionMask = 2147483647;
			files = (
				4CF5D11D2C1D6447009193A1 /* Color_Shapes.swift in Sources */,
				4CB1F5D82C215F4300697D7B /* SwiftUI_Vstack_Hstack_Zstack.swift in Sources */,
				4C6223352C21C09F003D259D /* SwiftUI_ForEach.swift in Sources */,
				4CB1F5D62C215A4800697D7B /* SwiftUI_Padding.swift in Sources */,
				4C6223332C21B0F9003D259D /* SwiftUI_Init_Enum.swift in Sources */,
				4CF5D1112C1D63C2009193A1 /* ContentView.swift in Sources */,
				4CB8989B2C230EC800803A37 /* SwiftUI_ScrollView.swift in Sources */,
				4CF5D10F2C1D63C2009193A1 /* SwiftUI_BasicsApp.swift in Sources */,
				4CB4971E2C1EF16B00AB5BCE /* BackGround_Overlay_With_View.swift in Sources */,
			);
			runOnlyForDeploymentPostprocessing = 0;
		};
/* End PBXSourcesBuildPhase section */

/* Begin XCBuildConfiguration section */
		4CF5D1172C1D63C4009193A1 /* Debug */ = {
			isa = XCBuildConfiguration;
			buildSettings = {
				ALWAYS_SEARCH_USER_PATHS = NO;
				ASSETCATALOG_COMPILER_GENERATE_SWIFT_ASSET_SYMBOL_EXTENSIONS = YES;
				CLANG_ANALYZER_NONNULL = YES;
				CLANG_ANALYZER_NUMBER_OBJECT_CONVERSION = YES_AGGRESSIVE;
				CLANG_CXX_LANGUAGE_STANDARD = "gnu++20";
				CLANG_ENABLE_MODULES = YES;
				CLANG_ENABLE_OBJC_ARC = YES;
				CLANG_ENABLE_OBJC_WEAK = YES;
				CLANG_WARN_BLOCK_CAPTURE_AUTORELEASING = YES;
				CLANG_WARN_BOOL_CONVERSION = YES;
				CLANG_WARN_COMMA = YES;
				CLANG_WARN_CONSTANT_CONVERSION = YES;
				CLANG_WARN_DEPRECATED_OBJC_IMPLEMENTATIONS = YES;
				CLANG_WARN_DIRECT_OBJC_ISA_USAGE = YES_ERROR;
				CLANG_WARN_DOCUMENTATION_COMMENTS = YES;
				CLANG_WARN_EMPTY_BODY = YES;
				CLANG_WARN_ENUM_CONVERSION = YES;
				CLANG_WARN_INFINITE_RECURSION = YES;
				CLANG_WARN_INT_CONVERSION = YES;
				CLANG_WARN_NON_LITERAL_NULL_CONVERSION = YES;
				CLANG_WARN_OBJC_IMPLICIT_RETAIN_SELF = YES;
				CLANG_WARN_OBJC_LITERAL_CONVERSION = YES;
				CLANG_WARN_OBJC_ROOT_CLASS = YES_ERROR;
				CLANG_WARN_QUOTED_INCLUDE_IN_FRAMEWORK_HEADER = YES;
				CLANG_WARN_RANGE_LOOP_ANALYSIS = YES;
				CLANG_WARN_STRICT_PROTOTYPES = YES;
				CLANG_WARN_SUSPICIOUS_MOVE = YES;
				CLANG_WARN_UNGUARDED_AVAILABILITY = YES_AGGRESSIVE;
				CLANG_WARN_UNREACHABLE_CODE = YES;
				CLANG_WARN__DUPLICATE_METHOD_MATCH = YES;
				COPY_PHASE_STRIP = NO;
				DEBUG_INFORMATION_FORMAT = dwarf;
				ENABLE_STRICT_OBJC_MSGSEND = YES;
				ENABLE_TESTABILITY = YES;
				ENABLE_USER_SCRIPT_SANDBOXING = YES;
				GCC_C_LANGUAGE_STANDARD = gnu17;
				GCC_DYNAMIC_NO_PIC = NO;
				GCC_NO_COMMON_BLOCKS = YES;
				GCC_OPTIMIZATION_LEVEL = 0;
				GCC_PREPROCESSOR_DEFINITIONS = (
					"DEBUG=1",
					"$(inherited)",
				);
				GCC_WARN_64_TO_32_BIT_CONVERSION = YES;
				GCC_WARN_ABOUT_RETURN_TYPE = YES_ERROR;
				GCC_WARN_UNDECLARED_SELECTOR = YES;
				GCC_WARN_UNINITIALIZED_AUTOS = YES_AGGRESSIVE;
				GCC_WARN_UNUSED_FUNCTION = YES;
				GCC_WARN_UNUSED_VARIABLE = YES;
				IPHONEOS_DEPLOYMENT_TARGET = 17.0;
				LOCALIZATION_PREFERS_STRING_CATALOGS = YES;
				MTL_ENABLE_DEBUG_INFO = INCLUDE_SOURCE;
				MTL_FAST_MATH = YES;
				ONLY_ACTIVE_ARCH = YES;
				SDKROOT = iphoneos;
				SWIFT_ACTIVE_COMPILATION_CONDITIONS = "DEBUG $(inherited)";
				SWIFT_OPTIMIZATION_LEVEL = "-Onone";
			};
			name = Debug;
		};
		4CF5D1182C1D63C4009193A1 /* Release */ = {
			isa = XCBuildConfiguration;
			buildSettings = {
				ALWAYS_SEARCH_USER_PATHS = NO;
				ASSETCATALOG_COMPILER_GENERATE_SWIFT_ASSET_SYMBOL_EXTENSIONS = YES;
				CLANG_ANALYZER_NONNULL = YES;
				CLANG_ANALYZER_NUMBER_OBJECT_CONVERSION = YES_AGGRESSIVE;
				CLANG_CXX_LANGUAGE_STANDARD = "gnu++20";
				CLANG_ENABLE_MODULES = YES;
				CLANG_ENABLE_OBJC_ARC = YES;
				CLANG_ENABLE_OBJC_WEAK = YES;
				CLANG_WARN_BLOCK_CAPTURE_AUTORELEASING = YES;
				CLANG_WARN_BOOL_CONVERSION = YES;
				CLANG_WARN_COMMA = YES;
				CLANG_WARN_CONSTANT_CONVERSION = YES;
				CLANG_WARN_DEPRECATED_OBJC_IMPLEMENTATIONS = YES;
				CLANG_WARN_DIRECT_OBJC_ISA_USAGE = YES_ERROR;
				CLANG_WARN_DOCUMENTATION_COMMENTS = YES;
				CLANG_WARN_EMPTY_BODY = YES;
				CLANG_WARN_ENUM_CONVERSION = YES;
				CLANG_WARN_INFINITE_RECURSION = YES;
				CLANG_WARN_INT_CONVERSION = YES;
				CLANG_WARN_NON_LITERAL_NULL_CONVERSION = YES;
				CLANG_WARN_OBJC_IMPLICIT_RETAIN_SELF = YES;
				CLANG_WARN_OBJC_LITERAL_CONVERSION = YES;
				CLANG_WARN_OBJC_ROOT_CLASS = YES_ERROR;
				CLANG_WARN_QUOTED_INCLUDE_IN_FRAMEWORK_HEADER = YES;
				CLANG_WARN_RANGE_LOOP_ANALYSIS = YES;
				CLANG_WARN_STRICT_PROTOTYPES = YES;
				CLANG_WARN_SUSPICIOUS_MOVE = YES;
				CLANG_WARN_UNGUARDED_AVAILABILITY = YES_AGGRESSIVE;
				CLANG_WARN_UNREACHABLE_CODE = YES;
				CLANG_WARN__DUPLICATE_METHOD_MATCH = YES;
				COPY_PHASE_STRIP = NO;
				DEBUG_INFORMATION_FORMAT = "dwarf-with-dsym";
				ENABLE_NS_ASSERTIONS = NO;
				ENABLE_STRICT_OBJC_MSGSEND = YES;
				ENABLE_USER_SCRIPT_SANDBOXING = YES;
				GCC_C_LANGUAGE_STANDARD = gnu17;
				GCC_NO_COMMON_BLOCKS = YES;
				GCC_WARN_64_TO_32_BIT_CONVERSION = YES;
				GCC_WARN_ABOUT_RETURN_TYPE = YES_ERROR;
				GCC_WARN_UNDECLARED_SELECTOR = YES;
				GCC_WARN_UNINITIALIZED_AUTOS = YES_AGGRESSIVE;
				GCC_WARN_UNUSED_FUNCTION = YES;
				GCC_WARN_UNUSED_VARIABLE = YES;
				IPHONEOS_DEPLOYMENT_TARGET = 17.0;
				LOCALIZATION_PREFERS_STRING_CATALOGS = YES;
				MTL_ENABLE_DEBUG_INFO = NO;
				MTL_FAST_MATH = YES;
				SDKROOT = iphoneos;
				SWIFT_COMPILATION_MODE = wholemodule;
				VALIDATE_PRODUCT = YES;
			};
			name = Release;
		};
		4CF5D11A2C1D63C4009193A1 /* Debug */ = {
			isa = XCBuildConfiguration;
			buildSettings = {
				ASSETCATALOG_COMPILER_APPICON_NAME = AppIcon;
				ASSETCATALOG_COMPILER_GLOBAL_ACCENT_COLOR_NAME = AccentColor;
				CODE_SIGN_STYLE = Automatic;
				CURRENT_PROJECT_VERSION = 1;
				DEVELOPMENT_ASSET_PATHS = "\"SwiftUI_Basics/Preview Content\"";
				ENABLE_PREVIEWS = YES;
				GENERATE_INFOPLIST_FILE = YES;
				INFOPLIST_KEY_UIApplicationSceneManifest_Generation = YES;
				INFOPLIST_KEY_UIApplicationSupportsIndirectInputEvents = YES;
				INFOPLIST_KEY_UILaunchScreen_Generation = YES;
				INFOPLIST_KEY_UISupportedInterfaceOrientations_iPad = "UIInterfaceOrientationPortrait UIInterfaceOrientationPortraitUpsideDown UIInterfaceOrientationLandscapeLeft UIInterfaceOrientationLandscapeRight";
				INFOPLIST_KEY_UISupportedInterfaceOrientations_iPhone = "UIInterfaceOrientationPortrait UIInterfaceOrientationLandscapeLeft UIInterfaceOrientationLandscapeRight";
				LD_RUNPATH_SEARCH_PATHS = (
					"$(inherited)",
					"@executable_path/Frameworks",
				);
				MARKETING_VERSION = 1.0;
				PRODUCT_BUNDLE_IDENTIFIER = "Raja.SwiftUI-Basics";
				PRODUCT_NAME = "$(TARGET_NAME)";
				SWIFT_EMIT_LOC_STRINGS = YES;
				SWIFT_VERSION = 5.0;
				TARGETED_DEVICE_FAMILY = "1,2";
			};
			name = Debug;
		};
		4CF5D11B2C1D63C4009193A1 /* Release */ = {
			isa = XCBuildConfiguration;
			buildSettings = {
				ASSETCATALOG_COMPILER_APPICON_NAME = AppIcon;
				ASSETCATALOG_COMPILER_GLOBAL_ACCENT_COLOR_NAME = AccentColor;
				CODE_SIGN_STYLE = Automatic;
				CURRENT_PROJECT_VERSION = 1;
				DEVELOPMENT_ASSET_PATHS = "\"SwiftUI_Basics/Preview Content\"";
				ENABLE_PREVIEWS = YES;
				GENERATE_INFOPLIST_FILE = YES;
				INFOPLIST_KEY_UIApplicationSceneManifest_Generation = YES;
				INFOPLIST_KEY_UIApplicationSupportsIndirectInputEvents = YES;
				INFOPLIST_KEY_UILaunchScreen_Generation = YES;
				INFOPLIST_KEY_UISupportedInterfaceOrientations_iPad = "UIInterfaceOrientationPortrait UIInterfaceOrientationPortraitUpsideDown UIInterfaceOrientationLandscapeLeft UIInterfaceOrientationLandscapeRight";
				INFOPLIST_KEY_UISupportedInterfaceOrientations_iPhone = "UIInterfaceOrientationPortrait UIInterfaceOrientationLandscapeLeft UIInterfaceOrientationLandscapeRight";
				LD_RUNPATH_SEARCH_PATHS = (
					"$(inherited)",
					"@executable_path/Frameworks",
				);
				MARKETING_VERSION = 1.0;
				PRODUCT_BUNDLE_IDENTIFIER = "Raja.SwiftUI-Basics";
				PRODUCT_NAME = "$(TARGET_NAME)";
				SWIFT_EMIT_LOC_STRINGS = YES;
				SWIFT_VERSION = 5.0;
				TARGETED_DEVICE_FAMILY = "1,2";
			};
			name = Release;
		};
/* End XCBuildConfiguration section */

/* Begin XCConfigurationList section */
		4CF5D1062C1D63C2009193A1 /* Build configuration list for PBXProject "SwiftUI_Basics" */ = {
			isa = XCConfigurationList;
			buildConfigurations = (
				4CF5D1172C1D63C4009193A1 /* Debug */,
				4CF5D1182C1D63C4009193A1 /* Release */,
			);
			defaultConfigurationIsVisible = 0;
			defaultConfigurationName = Release;
		};
		4CF5D1192C1D63C4009193A1 /* Build configuration list for PBXNativeTarget "SwiftUI_Basics" */ = {
			isa = XCConfigurationList;
			buildConfigurations = (
				4CF5D11A2C1D63C4009193A1 /* Debug */,
				4CF5D11B2C1D63C4009193A1 /* Release */,
			);
			defaultConfigurationIsVisible = 0;
			defaultConfigurationName = Release;
		};
/* End XCConfigurationList section */
	};
	rootObject = 4CF5D1032C1D63C2009193A1 /* Project object */;
}
